
Microsoft Visual Studio Solution File, Format Version 12.00
# Visual Studio Version 17
VisualStudioVersion = 17.5.33627.172
MinimumVisualStudioVersion = 10.0.40219.1
Project("{F184B08F-C81C-45F6-A57F-5ABD9991F28F}") = "Sample_Program", "Sample_Program.vbproj", "{60DA0530-3D5E-4AE7-B408-015AD8340F76}"
EndProject
Global
	GlobalSection(SolutionConfigurationPlatforms) = preSolution
		Debug|Any CPU = Debug|Any CPU
		Release|Any CPU = Release|Any CPU
	EndGlobalSection
	GlobalSection(ProjectConfigurationPlatforms) = postSolution
		{60DA0530-3D5E-4AE7-B408-015AD8340F76}.Debug|Any CPU.ActiveCfg = Debug|Any CPU
		{60DA0530-3D5E-4AE7-B408-015AD8340F76}.Debug|Any CPU.Build.0 = Debug|Any CPU
		{60DA0530-3D5E-4AE7-B408-015AD8340F76}.Release|Any CPU.ActiveCfg = Release|Any CPU
		{60DA0530-3D5E-4AE7-B408-015AD8340F76}.Release|Any CPU.Build.0 = Release|Any CPU
	EndGlobalSection
	GlobalSection(SolutionProperties) = preSolution
		HideSolutionNode = FALSE
	EndGlobalSection
	GlobalSection(ExtensibilityGlobals) = postSolution
		SolutionGuid = {AAB7BDD5-0228-4940-82B8-E54C1C109A2B}
	EndGlobalSection
EndGlobal
